{
  "name": "kitschy-co",
  "lockfileVersion": 3,
  "requires": true,
  "packages": {
    "": {
      "dependencies": {
        "svelte-carousel": "^1.0.25"
      }
    },
    "node_modules/easy-reactive": {
      "version": "1.0.4",
      "resolved": "https://registry.npmjs.org/easy-reactive/-/easy-reactive-1.0.4.tgz",
      "integrity": "sha512-dFVouegPctMf6XT5si+sRByBWUQE30n99TW0Y45Y7mccmNsbSl4uXA2sBGI8zCDZqXjhb8ouA3wVVhSSGpXk5Q==",
      "license": "Apache-2.0",
      "dependencies": {
        "lodash.clonedeep": "^4.5.0",
        "lodash.get": "^4.4.2",
        "lodash.isequal": "^4.5.0"
      }
    },
    "node_modules/lodash.clonedeep": {
      "version": "4.5.0",
      "resolved": "https://registry.npmjs.org/lodash.clonedeep/-/lodash.clonedeep-4.5.0.tgz",
      "integrity": "sha512-H5ZhCF25riFd9uB5UCkVKo61m3S/xZk1x4wA6yp/L3RFP6Z/eHH1ymQcGLo7J3GMPfm0V/7m1tryHuGVxpqEBQ==",
      "license": "MIT"
    },
    "node_modules/lodash.get": {
      "version": "4.4.2",
      "resolved": "https://registry.npmjs.org/lodash.get/-/lodash.get-4.4.2.tgz",
      "integrity": "sha512-z+Uw/vLuy6gQe8cfaFWD7p0wVv8fJl3mbzXh33RS+0oW2wvUqiRXiQ69gLWSLpgB5/6sU+r6BlQR0MBILadqTQ==",
      "license": "MIT"
    },
    "node_modules/lodash.isequal": {
      "version": "4.5.0",
      "resolved": "https://registry.npmjs.org/lodash.isequal/-/lodash.isequal-4.5.0.tgz",
      "integrity": "sha512-pDo3lu8Jhfjqls6GkMgpahsF9kCyayhgykjyLMNFTKWrpVdAQtYyB4muAMWozBB4ig/dtWAmsMxLEI8wuz+DYQ==",
      "license": "MIT"
    },
    "node_modules/svelte-carousel": {
      "version": "1.0.25",
      "resolved": "https://registry.npmjs.org/svelte-carousel/-/svelte-carousel-1.0.25.tgz",
      "integrity": "sha512-vR/AbGYwlh3fgWaB5PJg+iqZFvoVCJq4JWdmlXvPtdG9TLlKJWBcoiKlMZt3MnFF7AqNW46tOH/O+uVMWQzyWQ==",
      "license": "Apache-2.0",
      "dependencies": {
        "easy-reactive": "1.0.4"
      }
    }
  }
}
