{
  "name": "kitschy-co",
  "lockfileVersion": 3,
  "requires": true,
  "packages": {
    "": {
      "devDependencies": {
        "@iconify-json/mdi": "^1.2.1"
      }
    },
    "node_modules/@iconify-json/mdi": {
      "version": "1.2.1",
      "resolved": "https://registry.npmjs.org/@iconify-json/mdi/-/mdi-1.2.1.tgz",
      "integrity": "sha512-dSkQU78gsZV6Yxnq78+LuX7jzeFC/5NAmz7O3rh558GimGFcwMVY/OtqRowIzjqJBmMmWZft7wkFV4TrwRXjlg==",
      "dev": true,
      "license": "Apache-2.0",
      "dependencies": {
        "@iconify/types": "*"
      }
    },
    "node_modules/@iconify/types": {
      "version": "2.0.0",
      "resolved": "https://registry.npmjs.org/@iconify/types/-/types-2.0.0.tgz",
      "integrity": "sha512-+wluvCrRhXrhyOmRDJ3q8mux9JkKy5SJ/v8ol2tu4FVjyYvtEzkc/3pK15ET6RKg4b4w4BmTk1+gsCUhf21Ykg==",
      "dev": true,
      "license": "MIT"
    }
  }
}
