{
    "_meta": {
        "hash": {
            "sha256": "402811b99a888c7a7ccde51978e135dd7329c2ef6a1dcf0bfe7883146e9c1235"
        },
        "pipfile-spec": 6,
        "requires": {
            "python_full_version": "3.11.10",
            "python_version": "3.11"
        },
        "sources": [
            {
                "name": "pypi",
                "url": "https://pypi.org/simple",
                "verify_ssl": true
            }
        ]
    },
    "default": {
        "asgiref": {
            "hashes": [
                "sha256:3e1e3ecc849832fe52ccf2cb6686b7a55f82bb1d6aee72a58826471390335e47",
                "sha256:c343bd80a0bec947a9860adb4c432ffa7db769836c64238fc34bdc3fec84d590"
            ],
            "markers": "python_version >= '3.8'",
            "version": "==3.8.1"
        },
        "attrs": {
            "hashes": [
                "sha256:5cfb1b9148b5b086569baec03f20d7b6bf3bcacc9a42bebf87ffaaca362f6346",
                "sha256:81921eb96de3191c8258c199618104dd27ac608d9366f5e35d011eae1867ede2"
            ],
            "markers": "python_version >= '3.7'",
            "version": "==24.2.0"
        },
        "black": {
            "hashes": [
                "sha256:14b3502784f09ce2443830e3133dacf2c0110d45191ed470ecb04d0f5f6fcb0f",
                "sha256:17374989640fbca88b6a448129cd1745c5eb8d9547b464f281b251dd00155ccd",
                "sha256:1c536fcf674217e87b8cc3657b81809d3c085d7bf3ef262ead700da345bfa6ea",
                "sha256:1cbacacb19e922a1d75ef2b6ccaefcd6e93a2c05ede32f06a21386a04cedb981",
                "sha256:1f93102e0c5bb3907451063e08b9876dbeac810e7da5a8bfb7aeb5a9ef89066b",
                "sha256:2cd9c95431d94adc56600710f8813ee27eea544dd118d45896bb734e9d7a0dc7",
                "sha256:30d2c30dc5139211dda799758559d1b049f7f14c580c409d6ad925b74a4208a8",
                "sha256:394d4ddc64782e51153eadcaaca95144ac4c35e27ef9b0a42e121ae7e57a9175",
                "sha256:3bb2b7a1f7b685f85b11fed1ef10f8a9148bceb49853e47a294a3dd963c1dd7d",
                "sha256:4007b1393d902b48b36958a216c20c4482f601569d19ed1df294a496eb366392",
                "sha256:5a2221696a8224e335c28816a9d331a6c2ae15a2ee34ec857dcf3e45dbfa99ad",
                "sha256:63f626344343083322233f175aaf372d326de8436f5928c042639a4afbbf1d3f",
                "sha256:649fff99a20bd06c6f727d2a27f401331dc0cc861fb69cde910fe95b01b5928f",
                "sha256:680359d932801c76d2e9c9068d05c6b107f2584b2a5b88831c83962eb9984c1b",
                "sha256:846ea64c97afe3bc677b761787993be4991810ecc7a4a937816dd6bddedc4875",
                "sha256:b5e39e0fae001df40f95bd8cc36b9165c5e2ea88900167bddf258bacef9bbdc3",
                "sha256:ccfa1d0cb6200857f1923b602f978386a3a2758a65b52e0950299ea014be6800",
                "sha256:d37d422772111794b26757c5b55a3eade028aa3fde43121ab7b673d050949d65",
                "sha256:ddacb691cdcdf77b96f549cf9591701d8db36b2f19519373d60d31746068dbf2",
                "sha256:e6668650ea4b685440857138e5fe40cde4d652633b1bdffc62933d0db4ed9812",
                "sha256:f9da3333530dbcecc1be13e69c250ed8dfa67f43c4005fb537bb426e19200d50",
                "sha256:fe4d6476887de70546212c99ac9bd803d90b42fc4767f058a0baa895013fbb3e"
            ],
            "index": "pypi",
            "version": "==24.10.0"
        },
        "click": {
            "hashes": [
                "sha256:ae74fb96c20a0277a1d615f1e4d73c8414f5a98db8b799a7931d1582f3390c28",
                "sha256:ca9853ad459e787e2192211578cc907e7594e294c7ccc834310722b41b9ca6de"
            ],
            "markers": "python_version >= '3.7'",
            "version": "==8.1.7"
        },
        "dj-rest-auth": {
            "hashes": [
                "sha256:08dbc03a35223872da9f59bc2d7a71bec2e721aa69f7cdc84c7a329aeae1f86e"
            ],
            "index": "pypi",
            "markers": "python_version >= '3.8'",
            "version": "==7.0.0"
        },
        "django": {
            "hashes": [
                "sha256:8b38a9a12da3ae00cb0ba72da985ec4b14de6345046b1e174b1fd7254398f818",
                "sha256:c0fa0e619c39325a169208caef234f90baa925227032ad3f44842ba14d75234a"
            ],
            "markers": "python_version >= '3.10'",
            "version": "==5.1.3"
        },
        "django-allauth": {
            "hashes": [
                "sha256:0a3d7baf7beefd6fe8027316302c26ece7433cf4331a3b245d15fc9a7be68b6f"
            ],
            "index": "pypi",
            "markers": "python_version >= '3.8'",
            "version": "==65.2.0"
        },
        "django-cors-headers": {
            "hashes": [
                "sha256:14d76b4b4c8d39375baeddd89e4f08899051eeaf177cb02a29bd6eae8cf63aa8",
                "sha256:8edbc0497e611c24d5150e0055d3b178c6534b8ed826fb6f53b21c63f5d48ba3"
            ],
            "index": "pypi",
            "version": "==4.6.0"
        },
        "djangorestframework": {
            "hashes": [
                "sha256:2b8871b062ba1aefc2de01f773875441a961fefbf79f5eed1e32b2f096944b20",
                "sha256:36fe88cd2d6c6bec23dca9804bab2ba5517a8bb9d8f47ebc68981b56840107ad"
            ],
            "markers": "python_version >= '3.8'",
            "version": "==3.15.2"
        },
        "drf-spectacular": {
            "hashes": [
                "sha256:a199492f2163c4101055075ebdbb037d59c6e0030692fc83a1a8c0fc65929981",
                "sha256:b1c04bf8b2fbbeaf6f59414b4ea448c8787aba4d32f76055c3b13335cf7ec37b"
            ],
            "index": "pypi",
            "version": "==0.27.2"
        },
        "flake8": {
            "hashes": [
                "sha256:049d058491e228e03e67b390f311bbf88fce2dbaa8fa673e7aea87b7198b8d38",
                "sha256:597477df7860daa5aa0fdd84bf5208a043ab96b8e96ab708770ae0364dd03213"
            ],
            "index": "pypi",
            "version": "==7.1.1"
        },
        "inflection": {
            "hashes": [
                "sha256:1a29730d366e996aaacffb2f1f1cb9593dc38e2ddd30c91250c6dde09ea9b417",
                "sha256:f38b2b640938a4f35ade69ac3d053042959b62a0f1076a5bbaa1b9526605a8a2"
            ],
            "markers": "python_version >= '3.5'",
            "version": "==0.5.1"
        },
        "iniconfig": {
            "hashes": [
                "sha256:2d91e135bf72d31a410b17c16da610a82cb55f6b0477d1a902134b24a455b8b3",
                "sha256:b6a85871a79d2e3b22d2d1b94ac2824226a63c6b741c88f7ae975f18b6778374"
            ],
            "markers": "python_version >= '3.7'",
            "version": "==2.0.0"
        },
        "isort": {
            "hashes": [
                "sha256:48fdfcb9face5d58a4f6dde2e72a1fb8dcaf8ab26f95ab49fab84c2ddefb0109",
                "sha256:8ca5e72a8d85860d5a3fa69b8745237f2939afe12dbf656afbcb47fe72d947a6"
            ],
            "index": "pypi",
            "version": "==5.13.2"
        },
        "jsonschema": {
            "hashes": [
                "sha256:d71497fef26351a33265337fa77ffeb82423f3ea21283cd9467bb03999266bc4",
                "sha256:fbadb6f8b144a8f8cf9f0b89ba94501d143e50411a1278633f56a7acf7fd5566"
            ],
            "markers": "python_version >= '3.8'",
            "version": "==4.23.0"
        },
        "jsonschema-specifications": {
            "hashes": [
                "sha256:0f38b83639958ce1152d02a7f062902c41c8fd20d558b0c34344292d417ae272",
                "sha256:a09a0680616357d9a0ecf05c12ad234479f549239d0f5b55f3deea67475da9bf"
            ],
            "markers": "python_version >= '3.9'",
            "version": "==2024.10.1"
        },
        "mccabe": {
            "hashes": [
                "sha256:348e0240c33b60bbdf4e523192ef919f28cb2c3d7d5c7794f74009290f236325",
                "sha256:6c2d30ab6be0e4a46919781807b4f0d834ebdd6c6e3dca0bda5a15f863427b6e"
            ],
            "markers": "python_version >= '3.6'",
            "version": "==0.7.0"
        },
        "model-bakery": {
            "hashes": [
                "sha256:875326466f5982ee8f0281abdfa774d78893d5473562575dfd5a9304ac7c5b8c",
                "sha256:ec9dc846b9a00b20f92df38fac310263323ab61b59b6eeebf77a4aefb0412724"
            ],
            "index": "pypi",
            "markers": "python_version >= '3.8'",
            "version": "==1.20.0"
        },
        "mypy-extensions": {
            "hashes": [
                "sha256:4392f6c0eb8a5668a69e23d168ffa70f0be9ccfd32b5cc2d26a34ae5b844552d",
                "sha256:75dbf8955dc00442a438fc4d0666508a9a97b6bd41aa2f0ffe9d2f2725af0782"
            ],
            "markers": "python_version >= '3.5'",
            "version": "==1.0.0"
        },
        "packaging": {
            "hashes": [
                "sha256:09abb1bccd265c01f4a3aa3f7a7db064b36514d2cba19a2f694fe6150451a759",
                "sha256:c228a6dc5e932d346bc5739379109d49e8853dd8223571c7c5b55260edc0b97f"
            ],
            "markers": "python_version >= '3.8'",
            "version": "==24.2"
        },
        "pathspec": {
            "hashes": [
                "sha256:a0d503e138a4c123b27490a4f7beda6a01c6f288df0e4a8b79c7eb0dc7b4cc08",
                "sha256:a482d51503a1ab33b1c67a6c3813a26953dbdc71c31dacaef9a838c4e29f5712"
            ],
            "markers": "python_version >= '3.8'",
            "version": "==0.12.1"
        },
        "platformdirs": {
            "hashes": [
                "sha256:357fb2acbc885b0419afd3ce3ed34564c13c9b95c89360cd9563f73aa5e2b907",
                "sha256:73e575e1408ab8103900836b97580d5307456908a03e92031bab39e4554cc3fb"
            ],
            "markers": "python_version >= '3.8'",
            "version": "==4.3.6"
        },
        "pluggy": {
            "hashes": [
                "sha256:2cffa88e94fdc978c4c574f15f9e59b7f4201d439195c3715ca9e2486f1d0cf1",
                "sha256:44e1ad92c8ca002de6377e165f3e0f1be63266ab4d554740532335b9d75ea669"
            ],
            "markers": "python_version >= '3.8'",
            "version": "==1.5.0"
        },
        "psycopg2-binary": {
            "hashes": [
                "sha256:04392983d0bb89a8717772a193cfaac58871321e3ec69514e1c4e0d4957b5aff",
                "sha256:056470c3dc57904bbf63d6f534988bafc4e970ffd50f6271fc4ee7daad9498a5",
                "sha256:0ea8e3d0ae83564f2fc554955d327fa081d065c8ca5cc6d2abb643e2c9c1200f",
                "sha256:155e69561d54d02b3c3209545fb08938e27889ff5a10c19de8d23eb5a41be8a5",
                "sha256:18c5ee682b9c6dd3696dad6e54cc7ff3a1a9020df6a5c0f861ef8bfd338c3ca0",
                "sha256:19721ac03892001ee8fdd11507e6a2e01f4e37014def96379411ca99d78aeb2c",
                "sha256:1a6784f0ce3fec4edc64e985865c17778514325074adf5ad8f80636cd029ef7c",
                "sha256:2286791ececda3a723d1910441c793be44625d86d1a4e79942751197f4d30341",
                "sha256:230eeae2d71594103cd5b93fd29d1ace6420d0b86f4778739cb1a5a32f607d1f",
                "sha256:245159e7ab20a71d989da00f280ca57da7641fa2cdcf71749c193cea540a74f7",
                "sha256:26540d4a9a4e2b096f1ff9cce51253d0504dca5a85872c7f7be23be5a53eb18d",
                "sha256:270934a475a0e4b6925b5f804e3809dd5f90f8613621d062848dd82f9cd62007",
                "sha256:2ad26b467a405c798aaa1458ba09d7e2b6e5f96b1ce0ac15d82fd9f95dc38a92",
                "sha256:2b3d2491d4d78b6b14f76881905c7a8a8abcf974aad4a8a0b065273a0ed7a2cb",
                "sha256:2ce3e21dc3437b1d960521eca599d57408a695a0d3c26797ea0f72e834c7ffe5",
                "sha256:30e34c4e97964805f715206c7b789d54a78b70f3ff19fbe590104b71c45600e5",
                "sha256:3216ccf953b3f267691c90c6fe742e45d890d8272326b4a8b20850a03d05b7b8",
                "sha256:32581b3020c72d7a421009ee1c6bf4a131ef5f0a968fab2e2de0c9d2bb4577f1",
                "sha256:35958ec9e46432d9076286dda67942ed6d968b9c3a6a2fd62b48939d1d78bf68",
                "sha256:3abb691ff9e57d4a93355f60d4f4c1dd2d68326c968e7db17ea96df3c023ef73",
                "sha256:3c18f74eb4386bf35e92ab2354a12c17e5eb4d9798e4c0ad3a00783eae7cd9f1",
                "sha256:3c4745a90b78e51d9ba06e2088a2fe0c693ae19cc8cb051ccda44e8df8a6eb53",
                "sha256:3c4ded1a24b20021ebe677b7b08ad10bf09aac197d6943bfe6fec70ac4e4690d",
                "sha256:3e9c76f0ac6f92ecfc79516a8034a544926430f7b080ec5a0537bca389ee0906",
                "sha256:48b338f08d93e7be4ab2b5f1dbe69dc5e9ef07170fe1f86514422076d9c010d0",
                "sha256:4b3df0e6990aa98acda57d983942eff13d824135fe2250e6522edaa782a06de2",
                "sha256:512d29bb12608891e349af6a0cccedce51677725a921c07dba6342beaf576f9a",
                "sha256:5a507320c58903967ef7384355a4da7ff3f28132d679aeb23572753cbf2ec10b",
                "sha256:5c370b1e4975df846b0277b4deba86419ca77dbc25047f535b0bb03d1a544d44",
                "sha256:6b269105e59ac96aba877c1707c600ae55711d9dcd3fc4b5012e4af68e30c648",
                "sha256:6d4fa1079cab9018f4d0bd2db307beaa612b0d13ba73b5c6304b9fe2fb441ff7",
                "sha256:6dc08420625b5a20b53551c50deae6e231e6371194fa0651dbe0fb206452ae1f",
                "sha256:73aa0e31fa4bb82578f3a6c74a73c273367727de397a7a0f07bd83cbea696baa",
                "sha256:7559bce4b505762d737172556a4e6ea8a9998ecac1e39b5233465093e8cee697",
                "sha256:79625966e176dc97ddabc142351e0409e28acf4660b88d1cf6adb876d20c490d",
                "sha256:7a813c8bdbaaaab1f078014b9b0b13f5de757e2b5d9be6403639b298a04d218b",
                "sha256:7b2c956c028ea5de47ff3a8d6b3cc3330ab45cf0b7c3da35a2d6ff8420896526",
                "sha256:7f4152f8f76d2023aac16285576a9ecd2b11a9895373a1f10fd9db54b3ff06b4",
                "sha256:7f5d859928e635fa3ce3477704acee0f667b3a3d3e4bb109f2b18d4005f38287",
                "sha256:851485a42dbb0bdc1edcdabdb8557c09c9655dfa2ca0460ff210522e073e319e",
                "sha256:8608c078134f0b3cbd9f89b34bd60a943b23fd33cc5f065e8d5f840061bd0673",
                "sha256:880845dfe1f85d9d5f7c412efea7a08946a46894537e4e5d091732eb1d34d9a0",
                "sha256:8aabf1c1a04584c168984ac678a668094d831f152859d06e055288fa515e4d30",
                "sha256:8aecc5e80c63f7459a1a2ab2c64df952051df196294d9f739933a9f6687e86b3",
                "sha256:8cd9b4f2cfab88ed4a9106192de509464b75a906462fb846b936eabe45c2063e",
                "sha256:8de718c0e1c4b982a54b41779667242bc630b2197948405b7bd8ce16bcecac92",
                "sha256:9440fa522a79356aaa482aa4ba500b65f28e5d0e63b801abf6aa152a29bd842a",
                "sha256:b5f86c56eeb91dc3135b3fd8a95dc7ae14c538a2f3ad77a19645cf55bab1799c",
                "sha256:b73d6d7f0ccdad7bc43e6d34273f70d587ef62f824d7261c4ae9b8b1b6af90e8",
                "sha256:bb89f0a835bcfc1d42ccd5f41f04870c1b936d8507c6df12b7737febc40f0909",
                "sha256:c3cc28a6fd5a4a26224007712e79b81dbaee2ffb90ff406256158ec4d7b52b47",
                "sha256:ce5ab4bf46a211a8e924d307c1b1fcda82368586a19d0a24f8ae166f5c784864",
                "sha256:d00924255d7fc916ef66e4bf22f354a940c67179ad3fd7067d7a0a9c84d2fbfc",
                "sha256:d7cd730dfa7c36dbe8724426bf5612798734bff2d3c3857f36f2733f5bfc7c00",
                "sha256:e217ce4d37667df0bc1c397fdcd8de5e81018ef305aed9415c3b093faaeb10fb",
                "sha256:e3923c1d9870c49a2d44f795df0c889a22380d36ef92440ff618ec315757e539",
                "sha256:e5720a5d25e3b99cd0dc5c8a440570469ff82659bb09431c1439b92caf184d3b",
                "sha256:e8b58f0a96e7a1e341fc894f62c1177a7c83febebb5ff9123b579418fdc8a481",
                "sha256:e984839e75e0b60cfe75e351db53d6db750b00de45644c5d1f7ee5d1f34a1ce5",
                "sha256:eb09aa7f9cecb45027683bb55aebaaf45a0df8bf6de68801a6afdc7947bb09d4",
                "sha256:ec8a77f521a17506a24a5f626cb2aee7850f9b69a0afe704586f63a464f3cd64",
                "sha256:ecced182e935529727401b24d76634a357c71c9275b356efafd8a2a91ec07392",
                "sha256:ee0e8c683a7ff25d23b55b11161c2663d4b099770f6085ff0a20d4505778d6b4",
                "sha256:f0c2d907a1e102526dd2986df638343388b94c33860ff3bbe1384130828714b1",
                "sha256:f758ed67cab30b9a8d2833609513ce4d3bd027641673d4ebc9c067e4d208eec1",
                "sha256:f8157bed2f51db683f31306aa497311b560f2265998122abe1dce6428bd86567",
                "sha256:ffe8ed017e4ed70f68b7b371d84b7d4a790368db9203dfc2d222febd3a9c8863"
            ],
            "index": "pypi",
            "version": "==2.9.10"
        },
        "pycodestyle": {
            "hashes": [
                "sha256:46f0fb92069a7c28ab7bb558f05bfc0110dac69a0cd23c61ea0040283a9d78b3",
                "sha256:6838eae08bbce4f6accd5d5572075c63626a15ee3e6f842df996bf62f6d73521"
            ],
            "markers": "python_version >= '3.8'",
            "version": "==2.12.1"
        },
        "pyflakes": {
            "hashes": [
                "sha256:1c61603ff154621fb2a9172037d84dca3500def8c8b630657d1701f026f8af3f",
                "sha256:84b5be138a2dfbb40689ca07e2152deb896a65c3a3e24c251c5c62489568074a"
            ],
            "markers": "python_version >= '3.8'",
            "version": "==3.2.0"
        },
        "pytest": {
            "hashes": [
                "sha256:70b98107bd648308a7952b06e6ca9a50bc660be218d53c257cc1fc94fda10181",
                "sha256:a6853c7375b2663155079443d2e45de913a911a11d669df02a50814944db57b2"
            ],
            "markers": "python_version >= '3.8'",
            "version": "==8.3.3"
        },
        "pytest-django": {
            "hashes": [
                "sha256:1d83692cb39188682dbb419ff0393867e9904094a549a7d38a3154d5731b2b99",
                "sha256:8bf7bc358c9ae6f6fc51b6cebb190fe20212196e6807121f11bd6a3b03428314"
            ],
            "index": "pypi",
            "markers": "python_version >= '3.8'",
            "version": "==4.9.0"
        },
        "pyyaml": {
            "hashes": [
                "sha256:01179a4a8559ab5de078078f37e5c1a30d76bb88519906844fd7bdea1b7729ff",
                "sha256:0833f8694549e586547b576dcfaba4a6b55b9e96098b36cdc7ebefe667dfed48",
                "sha256:0a9a2848a5b7feac301353437eb7d5957887edbf81d56e903999a75a3d743086",
                "sha256:0b69e4ce7a131fe56b7e4d770c67429700908fc0752af059838b1cfb41960e4e",
                "sha256:0ffe8360bab4910ef1b9e87fb812d8bc0a308b0d0eef8c8f44e0254ab3b07133",
                "sha256:11d8f3dd2b9c1207dcaf2ee0bbbfd5991f571186ec9cc78427ba5bd32afae4b5",
                "sha256:17e311b6c678207928d649faa7cb0d7b4c26a0ba73d41e99c4fff6b6c3276484",
                "sha256:1e2120ef853f59c7419231f3bf4e7021f1b936f6ebd222406c3b60212205d2ee",
                "sha256:1f71ea527786de97d1a0cc0eacd1defc0985dcf6b3f17bb77dcfc8c34bec4dc5",
                "sha256:23502f431948090f597378482b4812b0caae32c22213aecf3b55325e049a6c68",
                "sha256:24471b829b3bf607e04e88d79542a9d48bb037c2267d7927a874e6c205ca7e9a",
                "sha256:29717114e51c84ddfba879543fb232a6ed60086602313ca38cce623c1d62cfbf",
                "sha256:2e99c6826ffa974fe6e27cdb5ed0021786b03fc98e5ee3c5bfe1fd5015f42b99",
                "sha256:39693e1f8320ae4f43943590b49779ffb98acb81f788220ea932a6b6c51004d8",
                "sha256:3ad2a3decf9aaba3d29c8f537ac4b243e36bef957511b4766cb0057d32b0be85",
                "sha256:3b1fdb9dc17f5a7677423d508ab4f243a726dea51fa5e70992e59a7411c89d19",
                "sha256:41e4e3953a79407c794916fa277a82531dd93aad34e29c2a514c2c0c5fe971cc",
                "sha256:43fa96a3ca0d6b1812e01ced1044a003533c47f6ee8aca31724f78e93ccc089a",
                "sha256:50187695423ffe49e2deacb8cd10510bc361faac997de9efef88badc3bb9e2d1",
                "sha256:5ac9328ec4831237bec75defaf839f7d4564be1e6b25ac710bd1a96321cc8317",
                "sha256:5d225db5a45f21e78dd9358e58a98702a0302f2659a3c6cd320564b75b86f47c",
                "sha256:6395c297d42274772abc367baaa79683958044e5d3835486c16da75d2a694631",
                "sha256:688ba32a1cffef67fd2e9398a2efebaea461578b0923624778664cc1c914db5d",
                "sha256:68ccc6023a3400877818152ad9a1033e3db8625d899c72eacb5a668902e4d652",
                "sha256:70b189594dbe54f75ab3a1acec5f1e3faa7e8cf2f1e08d9b561cb41b845f69d5",
                "sha256:797b4f722ffa07cc8d62053e4cff1486fa6dc094105d13fea7b1de7d8bf71c9e",
                "sha256:7c36280e6fb8385e520936c3cb3b8042851904eba0e58d277dca80a5cfed590b",
                "sha256:7e7401d0de89a9a855c839bc697c079a4af81cf878373abd7dc625847d25cbd8",
                "sha256:80bab7bfc629882493af4aa31a4cfa43a4c57c83813253626916b8c7ada83476",
                "sha256:82d09873e40955485746739bcb8b4586983670466c23382c19cffecbf1fd8706",
                "sha256:8388ee1976c416731879ac16da0aff3f63b286ffdd57cdeb95f3f2e085687563",
                "sha256:8824b5a04a04a047e72eea5cec3bc266db09e35de6bdfe34c9436ac5ee27d237",
                "sha256:8b9c7197f7cb2738065c481a0461e50ad02f18c78cd75775628afb4d7137fb3b",
                "sha256:9056c1ecd25795207ad294bcf39f2db3d845767be0ea6e6a34d856f006006083",
                "sha256:936d68689298c36b53b29f23c6dbb74de12b4ac12ca6cfe0e047bedceea56180",
                "sha256:9b22676e8097e9e22e36d6b7bda33190d0d400f345f23d4065d48f4ca7ae0425",
                "sha256:a4d3091415f010369ae4ed1fc6b79def9416358877534caf6a0fdd2146c87a3e",
                "sha256:a8786accb172bd8afb8be14490a16625cbc387036876ab6ba70912730faf8e1f",
                "sha256:a9f8c2e67970f13b16084e04f134610fd1d374bf477b17ec1599185cf611d725",
                "sha256:bc2fa7c6b47d6bc618dd7fb02ef6fdedb1090ec036abab80d4681424b84c1183",
                "sha256:c70c95198c015b85feafc136515252a261a84561b7b1d51e3384e0655ddf25ab",
                "sha256:cc1c1159b3d456576af7a3e4d1ba7e6924cb39de8f67111c735f6fc832082774",
                "sha256:ce826d6ef20b1bc864f0a68340c8b3287705cae2f8b4b1d932177dcc76721725",
                "sha256:d584d9ec91ad65861cc08d42e834324ef890a082e591037abe114850ff7bbc3e",
                "sha256:d7fded462629cfa4b685c5416b949ebad6cec74af5e2d42905d41e257e0869f5",
                "sha256:d84a1718ee396f54f3a086ea0a66d8e552b2ab2017ef8b420e92edbc841c352d",
                "sha256:d8e03406cac8513435335dbab54c0d385e4a49e4945d2909a581c83647ca0290",
                "sha256:e10ce637b18caea04431ce14fabcf5c64a1c61ec9c56b071a4b7ca131ca52d44",
                "sha256:ec031d5d2feb36d1d1a24380e4db6d43695f3748343d99434e6f5f9156aaa2ed",
                "sha256:ef6107725bd54b262d6dedcc2af448a266975032bc85ef0172c5f059da6325b4",
                "sha256:efdca5630322a10774e8e98e1af481aad470dd62c3170801852d752aa7a783ba",
                "sha256:f753120cb8181e736c57ef7636e83f31b9c0d1722c516f7e86cf15b7aa57ff12",
                "sha256:ff3824dc5261f50c9b0dfb3be22b4567a6f938ccce4587b38952d85fd9e9afe4"
            ],
            "markers": "python_version >= '3.8'",
            "version": "==6.0.2"
        },
        "referencing": {
            "hashes": [
                "sha256:25b42124a6c8b632a425174f24087783efb348a6f1e0008e63cd4466fedf703c",
                "sha256:eda6d3234d62814d1c64e305c1331c9a3a6132da475ab6382eaa997b21ee75de"
            ],
            "markers": "python_version >= '3.8'",
            "version": "==0.35.1"
        },
        "rpds-py": {
            "hashes": [
                "sha256:031819f906bb146561af051c7cef4ba2003d28cff07efacef59da973ff7969ba",
                "sha256:0626238a43152918f9e72ede9a3b6ccc9e299adc8ade0d67c5e142d564c9a83d",
                "sha256:085ed25baac88953d4283e5b5bd094b155075bb40d07c29c4f073e10623f9f2e",
                "sha256:0a9e0759e7be10109645a9fddaaad0619d58c9bf30a3f248a2ea57a7c417173a",
                "sha256:0c025820b78817db6a76413fff6866790786c38f95ea3f3d3c93dbb73b632202",
                "sha256:1ff2eba7f6c0cb523d7e9cff0903f2fe1feff8f0b2ceb6bd71c0e20a4dcee271",
                "sha256:20cc1ed0bcc86d8e1a7e968cce15be45178fd16e2ff656a243145e0b439bd250",
                "sha256:241e6c125568493f553c3d0fdbb38c74babf54b45cef86439d4cd97ff8feb34d",
                "sha256:2c51d99c30091f72a3c5d126fad26236c3f75716b8b5e5cf8effb18889ced928",
                "sha256:2d6129137f43f7fa02d41542ffff4871d4aefa724a5fe38e2c31a4e0fd343fb0",
                "sha256:30b912c965b2aa76ba5168fd610087bad7fcde47f0a8367ee8f1876086ee6d1d",
                "sha256:30bdc973f10d28e0337f71d202ff29345320f8bc49a31c90e6c257e1ccef4333",
                "sha256:320c808df533695326610a1b6a0a6e98f033e49de55d7dc36a13c8a30cfa756e",
                "sha256:32eb88c30b6a4f0605508023b7141d043a79b14acb3b969aa0b4f99b25bc7d4a",
                "sha256:3b766a9f57663396e4f34f5140b3595b233a7b146e94777b97a8413a1da1be18",
                "sha256:3b929c2bb6e29ab31f12a1117c39f7e6d6450419ab7464a4ea9b0b417174f044",
                "sha256:3e30a69a706e8ea20444b98a49f386c17b26f860aa9245329bab0851ed100677",
                "sha256:3e53861b29a13d5b70116ea4230b5f0f3547b2c222c5daa090eb7c9c82d7f664",
                "sha256:40c91c6e34cf016fa8e6b59d75e3dbe354830777fcfd74c58b279dceb7975b75",
                "sha256:4991ca61656e3160cdaca4851151fd3f4a92e9eba5c7a530ab030d6aee96ec89",
                "sha256:4ab2c2a26d2f69cdf833174f4d9d86118edc781ad9a8fa13970b527bf8236027",
                "sha256:4e8921a259f54bfbc755c5bbd60c82bb2339ae0324163f32868f63f0ebb873d9",
                "sha256:4eb2de8a147ffe0626bfdc275fc6563aa7bf4b6db59cf0d44f0ccd6ca625a24e",
                "sha256:5145282a7cd2ac16ea0dc46b82167754d5e103a05614b724457cffe614f25bd8",
                "sha256:520ed8b99b0bf86a176271f6fe23024323862ac674b1ce5b02a72bfeff3fff44",
                "sha256:52c041802a6efa625ea18027a0723676a778869481d16803481ef6cc02ea8cb3",
                "sha256:5555db3e618a77034954b9dc547eae94166391a98eb867905ec8fcbce1308d95",
                "sha256:58a0e345be4b18e6b8501d3b0aa540dad90caeed814c515e5206bb2ec26736fd",
                "sha256:590ef88db231c9c1eece44dcfefd7515d8bf0d986d64d0caf06a81998a9e8cab",
                "sha256:5afb5efde74c54724e1a01118c6e5c15e54e642c42a1ba588ab1f03544ac8c7a",
                "sha256:688c93b77e468d72579351a84b95f976bd7b3e84aa6686be6497045ba84be560",
                "sha256:6b4ef7725386dc0762857097f6b7266a6cdd62bfd209664da6712cb26acef035",
                "sha256:6bc0e697d4d79ab1aacbf20ee5f0df80359ecf55db33ff41481cf3e24f206919",
                "sha256:6dcc4949be728ede49e6244eabd04064336012b37f5c2200e8ec8eb2988b209c",
                "sha256:6f54e7106f0001244a5f4cf810ba8d3f9c542e2730821b16e969d6887b664266",
                "sha256:808f1ac7cf3b44f81c9475475ceb221f982ef548e44e024ad5f9e7060649540e",
                "sha256:8404b3717da03cbf773a1d275d01fec84ea007754ed380f63dfc24fb76ce4592",
                "sha256:878f6fea96621fda5303a2867887686d7a198d9e0f8a40be100a63f5d60c88c9",
                "sha256:8a7ff941004d74d55a47f916afc38494bd1cfd4b53c482b77c03147c91ac0ac3",
                "sha256:95a5bad1ac8a5c77b4e658671642e4af3707f095d2b78a1fdd08af0dfb647624",
                "sha256:97ef67d9bbc3e15584c2f3c74bcf064af36336c10d2e21a2131e123ce0f924c9",
                "sha256:98486337f7b4f3c324ab402e83453e25bb844f44418c066623db88e4c56b7c7b",
                "sha256:98e4fe5db40db87ce1c65031463a760ec7906ab230ad2249b4572c2fc3ef1f9f",
                "sha256:998a8080c4495e4f72132f3d66ff91f5997d799e86cec6ee05342f8f3cda7dca",
                "sha256:9afe42102b40007f588666bc7de82451e10c6788f6f70984629db193849dced1",
                "sha256:9e20da3957bdf7824afdd4b6eeb29510e83e026473e04952dca565170cd1ecc8",
                "sha256:a017f813f24b9df929674d0332a374d40d7f0162b326562daae8066b502d0590",
                "sha256:a429b99337062877d7875e4ff1a51fe788424d522bd64a8c0a20ef3021fdb6ed",
                "sha256:a58ce66847711c4aa2ecfcfaff04cb0327f907fead8945ffc47d9407f41ff952",
                "sha256:a78d8b634c9df7f8d175451cfeac3810a702ccb85f98ec95797fa98b942cea11",
                "sha256:a89a8ce9e4e75aeb7fa5d8ad0f3fecdee813802592f4f46a15754dcb2fd6b061",
                "sha256:a8eeec67590e94189f434c6d11c426892e396ae59e4801d17a93ac96b8c02a6c",
                "sha256:aaeb25ccfb9b9014a10eaf70904ebf3f79faaa8e60e99e19eef9f478651b9b74",
                "sha256:ad116dda078d0bc4886cb7840e19811562acdc7a8e296ea6ec37e70326c1b41c",
                "sha256:af04ac89c738e0f0f1b913918024c3eab6e3ace989518ea838807177d38a2e94",
                "sha256:af4a644bf890f56e41e74be7d34e9511e4954894d544ec6b8efe1e21a1a8da6c",
                "sha256:b21747f79f360e790525e6f6438c7569ddbfb1b3197b9e65043f25c3c9b489d8",
                "sha256:b229ce052ddf1a01c67d68166c19cb004fb3612424921b81c46e7ea7ccf7c3bf",
                "sha256:b4de1da871b5c0fd5537b26a6fc6814c3cc05cabe0c941db6e9044ffbb12f04a",
                "sha256:b80b4690bbff51a034bfde9c9f6bf9357f0a8c61f548942b80f7b66356508bf5",
                "sha256:b876f2bc27ab5954e2fd88890c071bd0ed18b9c50f6ec3de3c50a5ece612f7a6",
                "sha256:b8f107395f2f1d151181880b69a2869c69e87ec079c49c0016ab96860b6acbe5",
                "sha256:b9b76e2afd585803c53c5b29e992ecd183f68285b62fe2668383a18e74abe7a3",
                "sha256:c2b2f71c6ad6c2e4fc9ed9401080badd1469fa9889657ec3abea42a3d6b2e1ed",
                "sha256:c3761f62fcfccf0864cc4665b6e7c3f0c626f0380b41b8bd1ce322103fa3ef87",
                "sha256:c38dbf31c57032667dd5a2f0568ccde66e868e8f78d5a0d27dcc56d70f3fcd3b",
                "sha256:ca9989d5d9b1b300bc18e1801c67b9f6d2c66b8fd9621b36072ed1df2c977f72",
                "sha256:cbd7504a10b0955ea287114f003b7ad62330c9e65ba012c6223dba646f6ffd05",
                "sha256:d167e4dbbdac48bd58893c7e446684ad5d425b407f9336e04ab52e8b9194e2ed",
                "sha256:d2132377f9deef0c4db89e65e8bb28644ff75a18df5293e132a8d67748397b9f",
                "sha256:da52d62a96e61c1c444f3998c434e8b263c384f6d68aca8274d2e08d1906325c",
                "sha256:daa8efac2a1273eed2354397a51216ae1e198ecbce9036fba4e7610b308b6153",
                "sha256:dc5695c321e518d9f03b7ea6abb5ea3af4567766f9852ad1560f501b17588c7b",
                "sha256:de552f4a1916e520f2703ec474d2b4d3f86d41f353e7680b597512ffe7eac5d0",
                "sha256:de609a6f1b682f70bb7163da745ee815d8f230d97276db049ab447767466a09d",
                "sha256:e12bb09678f38b7597b8346983d2323a6482dcd59e423d9448108c1be37cac9d",
                "sha256:e168afe6bf6ab7ab46c8c375606298784ecbe3ba31c0980b7dcbb9631dcba97e",
                "sha256:e78868e98f34f34a88e23ee9ccaeeec460e4eaf6db16d51d7a9b883e5e785a5e",
                "sha256:e860f065cc4ea6f256d6f411aba4b1251255366e48e972f8a347cf88077b24fd",
                "sha256:ea3a6ac4d74820c98fcc9da4a57847ad2cc36475a8bd9683f32ab6d47a2bd682",
                "sha256:ebf64e281a06c904a7636781d2e973d1f0926a5b8b480ac658dc0f556e7779f4",
                "sha256:ed6378c9d66d0de903763e7706383d60c33829581f0adff47b6535f1802fa6db",
                "sha256:ee1e4fc267b437bb89990b2f2abf6c25765b89b72dd4a11e21934df449e0c976",
                "sha256:ee4eafd77cc98d355a0d02f263efc0d3ae3ce4a7c24740010a8b4012bbb24937",
                "sha256:efec946f331349dfc4ae9d0e034c263ddde19414fe5128580f512619abed05f1",
                "sha256:f414da5c51bf350e4b7960644617c130140423882305f7574b6cf65a3081cecb",
                "sha256:f71009b0d5e94c0e86533c0b27ed7cacc1239cb51c178fd239c3cfefefb0400a",
                "sha256:f983e4c2f603c95dde63df633eec42955508eefd8d0f0e6d236d31a044c882d7",
                "sha256:faa5e8496c530f9c71f2b4e1c49758b06e5f4055e17144906245c99fa6d45356",
                "sha256:fed5dfefdf384d6fe975cc026886aece4f292feaf69d0eeb716cfd3c5a4dd8be"
            ],
            "markers": "python_version >= '3.9'",
            "version": "==0.21.0"
        },
        "sqlparse": {
            "hashes": [
                "sha256:9e37b35e16d1cc652a2545f0997c1deb23ea28fa1f3eefe609eee3063c3b105f",
                "sha256:e99bc85c78160918c3e1d9230834ab8d80fc06c59d03f8db2618f65f65dda55e"
            ],
            "markers": "python_version >= '3.8'",
            "version": "==0.5.2"
        },
        "uritemplate": {
            "hashes": [
                "sha256:4346edfc5c3b79f694bccd6d6099a322bbeb628dbf2cd86eea55a456ce5124f0",
                "sha256:830c08b8d99bdd312ea4ead05994a38e8936266f84b9a7878232db50b044e02e"
            ],
            "markers": "python_version >= '3.6'",
            "version": "==4.1.1"
        }
    },
    "develop": {}
}
